// !$*UTF8*$!
{
	archiveVersion = 1;
	classes = {
	};
	objectVersion = 50;
	objects = {

/* Begin PBXBuildFile section */
		804E8B38213B205C00FB0C87 /* AppDelegate.swift in Sources */ = {isa = PBXBuildFile; fileRef = 804E8B37213B205C00FB0C87 /* AppDelegate.swift */; };
		804E8B3A213B205C00FB0C87 /* ViewController.swift in Sources */ = {isa = PBXBuildFile; fileRef = 804E8B39213B205C00FB0C87 /* ViewController.swift */; };
		804E8B3D213B205C00FB0C87 /* Main.storyboard in Resources */ = {isa = PBXBuildFile; fileRef = 804E8B3B213B205C00FB0C87 /* Main.storyboard */; };
		804E8B3F213B205F00FB0C87 /* Assets.xcassets in Resources */ = {isa = PBXBuildFile; fileRef = 804E8B3E213B205F00FB0C87 /* Assets.xcassets */; };
		804E8B42213B205F00FB0C87 /* LaunchScreen.storyboard in Resources */ = {isa = PBXBuildFile; fileRef = 804E8B40213B205F00FB0C87 /* LaunchScreen.storyboard */; };
		804E8B4F213B206C00FB0C87 /* ActiveBuilder.swift in Sources */ = {isa = PBXBuildFile; fileRef = 804E8B4A213B206C00FB0C87 /* ActiveBuilder.swift */; };
		804E8B50213B206C00FB0C87 /* ActiveLabel.swift in Sources */ = {isa = PBXBuildFile; fileRef = 804E8B4B213B206C00FB0C87 /* ActiveLabel.swift */; };
		804E8B51213B206C00FB0C87 /* ActiveType.swift in Sources */ = {isa = PBXBuildFile; fileRef = 804E8B4C213B206C00FB0C87 /* ActiveType.swift */; };
		804E8B52213B206C00FB0C87 /* RegexParser.swift in Sources */ = {isa = PBXBuildFile; fileRef = 804E8B4D213B206C00FB0C87 /* RegexParser.swift */; };
		804E8B53213B206C00FB0C87 /* StringTrimExtension.swift in Sources */ = {isa = PBXBuildFile; fileRef = 804E8B4E213B206C00FB0C87 /* StringTrimExtension.swift */; };
		804E8B55213B214900FB0C87 /* LICENSE in Resources */ = {isa = PBXBuildFile; fileRef = 804E8B54213B214900FB0C87 /* LICENSE */; };
/* End PBXBuildFile section */

/* Begin PBXFileReference section */
		804E8B34213B205C00FB0C87 /* ActiveLabelUnderLine.app */ = {isa = PBXFileReference; explicitFileType = wrapper.application; includeInIndex = 0; path = ActiveLabelUnderLine.app; sourceTree = BUILT_PRODUCTS_DIR; };
		804E8B37213B205C00FB0C87 /* AppDelegate.swift */ = {isa = PBXFileReference; lastKnownFileType = sourcecode.swift; path = AppDelegate.swift; sourceTree = "<group>"; };
		804E8B39213B205C00FB0C87 /* ViewController.swift */ = {isa = PBXFileReference; lastKnownFileType = sourcecode.swift; path = ViewController.swift; sourceTree = "<group>"; };
		804E8B3C213B205C00FB0C87 /* Base */ = {isa = PBXFileReference; lastKnownFileType = file.storyboard; name = Base; path = Base.lproj/Main.storyboard; sourceTree = "<group>"; };
		804E8B3E213B205F00FB0C87 /* Assets.xcassets */ = {isa = PBXFileReference; lastKnownFileType = folder.assetcatalog; path = Assets.xcassets; sourceTree = "<group>"; };
		804E8B41213B205F00FB0C87 /* Base */ = {isa = PBXFileReference; lastKnownFileType = file.storyboard; name = Base; path = Base.lproj/LaunchScreen.storyboard; sourceTree = "<group>"; };
		804E8B43213B205F00FB0C87 /* Info.plist */ = {isa = PBXFileReference; lastKnownFileType = text.plist.xml; path = Info.plist; sourceTree = "<group>"; };
		804E8B4A213B206C00FB0C87 /* ActiveBuilder.swift */ = {isa = PBXFileReference; fileEncoding = 4; lastKnownFileType = sourcecode.swift; path = ActiveBuilder.swift; sourceTree = "<group>"; };
		804E8B4B213B206C00FB0C87 /* ActiveLabel.swift */ = {isa = PBXFileReference; fileEncoding = 4; lastKnownFileType = sourcecode.swift; path = ActiveLabel.swift; sourceTree = "<group>"; };
		804E8B4C213B206C00FB0C87 /* ActiveType.swift */ = {isa = PBXFileReference; fileEncoding = 4; lastKnownFileType = sourcecode.swift; path = ActiveType.swift; sourceTree = "<group>"; };
		804E8B4D213B206C00FB0C87 /* RegexParser.swift */ = {isa = PBXFileReference; fileEncoding = 4; lastKnownFileType = sourcecode.swift; path = RegexParser.swift; sourceTree = "<group>"; };
		804E8B4E213B206C00FB0C87 /* StringTrimExtension.swift */ = {isa = PBXFileReference; fileEncoding = 4; lastKnownFileType = sourcecode.swift; path = StringTrimExtension.swift; sourceTree = "<group>"; };
		804E8B54213B214900FB0C87 /* LICENSE */ = {isa = PBXFileReference; lastKnownFileType = text; path = LICENSE; sourceTree = "<group>"; };
/* End PBXFileReference section */

/* Begin PBXFrameworksBuildPhase section */
		804E8B31213B205C00FB0C87 /* Frameworks */ = {
			isa = PBXFrameworksBuildPhase;
			buildActionMask = 2147483647;
			files = (
			);
			runOnlyForDeploymentPostprocessing = 0;
		};
/* End PBXFrameworksBuildPhase section */

/* Begin PBXGroup section */
		804E8B2B213B205C00FB0C87 = {
			isa = PBXGroup;
			children = (
				804E8B36213B205C00FB0C87 /* ActiveLabelUnderLine */,
				804E8B49213B206C00FB0C87 /* ActiveLabel */,
				804E8B54213B214900FB0C87 /* LICENSE */,
				804E8B35213B205C00FB0C87 /* Products */,
			);
			sourceTree = "<group>";
		};
		804E8B35213B205C00FB0C87 /* Products */ = {
			isa = PBXGroup;
			children = (
				804E8B34213B205C00FB0C87 /* ActiveLabelUnderLine.app */,
			);
			name = Products;
			sourceTree = "<group>";
		};
		804E8B36213B205C00FB0C87 /* ActiveLabelUnderLine */ = {
			isa = PBXGroup;
			children = (
				804E8B37213B205C00FB0C87 /* AppDelegate.swift */,
				804E8B39213B205C00FB0C87 /* ViewController.swift */,
				804E8B3B213B205C00FB0C87 /* Main.storyboard */,
				804E8B3E213B205F00FB0C87 /* Assets.xcassets */,
				804E8B40213B205F00FB0C87 /* LaunchScreen.storyboard */,
				804E8B43213B205F00FB0C87 /* Info.plist */,
			);
			path = ActiveLabelUnderLine;
			sourceTree = "<group>";
		};
		804E8B49213B206C00FB0C87 /* ActiveLabel */ = {
			isa = PBXGroup;
			children = (
				804E8B4A213B206C00FB0C87 /* ActiveBuilder.swift */,
				804E8B4B213B206C00FB0C87 /* ActiveLabel.swift */,
				804E8B4C213B206C00FB0C87 /* ActiveType.swift */,
				804E8B4D213B206C00FB0C87 /* RegexParser.swift */,
				804E8B4E213B206C00FB0C87 /* StringTrimExtension.swift */,
			);
			path = ActiveLabel;
			sourceTree = "<group>";
		};
/* End PBXGroup section */

/* Begin PBXNativeTarget section */
		804E8B33213B205C00FB0C87 /* ActiveLabelUnderLine */ = {
			isa = PBXNativeTarget;
			buildConfigurationList = 804E8B46213B205F00FB0C87 /* Build configuration list for PBXNativeTarget "ActiveLabelUnderLine" */;
			buildPhases = (
				804E8B30213B205C00FB0C87 /* Sources */,
				804E8B31213B205C00FB0C87 /* Frameworks */,
				804E8B32213B205C00FB0C87 /* Resources */,
			);
			buildRules = (
			);
			dependencies = (
			);
			name = ActiveLabelUnderLine;
			productName = ActiveLabelUnderLine;
			productReference = 804E8B34213B205C00FB0C87 /* ActiveLabelUnderLine.app */;
			productType = "com.apple.product-type.application";
		};
/* End PBXNativeTarget section */

/* Begin PBXProject section */
		804E8B2C213B205C00FB0C87 /* Project object */ = {
			isa = PBXProject;
			attributes = {
				LastSwiftUpdateCheck = 0930;
				LastUpgradeCheck = 0930;
				ORGANIZATIONNAME = Hemanth;
				TargetAttributes = {
					804E8B33213B205C00FB0C87 = {
						CreatedOnToolsVersion = 9.3;
					};
				};
			};
			buildConfigurationList = 804E8B2F213B205C00FB0C87 /* Build configuration list for PBXProject "ActiveLabelUnderLine" */;
			compatibilityVersion = "Xcode 9.3";
			developmentRegion = en;
			hasScannedForEncodings = 0;
			knownRegions = (
				en,
				Base,
			);
			mainGroup = 804E8B2B213B205C00FB0C87;
			productRefGroup = 804E8B35213B205C00FB0C87 /* Products */;
			projectDirPath = "";
			projectRoot = "";
			targets = (
				804E8B33213B205C00FB0C87 /* ActiveLabelUnderLine */,
			);
		};
/* End PBXProject section */

/* Begin PBXResourcesBuildPhase section */
		804E8B32213B205C00FB0C87 /* Resources */ = {
			isa = PBXResourcesBuildPhase;
			buildActionMask = 2147483647;
			files = (
				804E8B42213B205F00FB0C87 /* LaunchScreen.storyboard in Resources */,
				804E8B3F213B205F00FB0C87 /* Assets.xcassets in Resources */,
				804E8B55213B214900FB0C87 /* LICENSE in Resources */,
				804E8B3D213B205C00FB0C87 /* Main.storyboard in Resources */,
			);
			runOnlyForDeploymentPostprocessing = 0;
		};
/* End PBXResourcesBuildPhase section */

/* Begin PBXSourcesBuildPhase section */
		804E8B30213B205C00FB0C87 /* Sources */ = {
			isa = PBXSourcesBuildPhase;
			buildActionMask = 2147483647;
			files = (
				804E8B53213B206C00FB0C87 /* StringTrimExtension.swift in Sources */,
				804E8B50213B206C00FB0C87 /* ActiveLabel.swift in Sources */,
				804E8B4F213B206C00FB0C87 /* ActiveBuilder.swift in Sources */,
				804E8B52213B206C00FB0C87 /* RegexParser.swift in Sources */,
				804E8B3A213B205C00FB0C87 /* ViewController.swift in Sources */,
				804E8B38213B205C00FB0C87 /* AppDelegate.swift in Sources */,
				804E8B51213B206C00FB0C87 /* ActiveType.swift in Sources */,
			);
			runOnlyForDeploymentPostprocessing = 0;
		};
/* End PBXSourcesBuildPhase section */

/* Begin PBXVariantGroup section */
		804E8B3B213B205C00FB0C87 /* Main.storyboard */ = {
			isa = PBXVariantGroup;
			children = (
				804E8B3C213B205C00FB0C87 /* Base */,
			);
			name = Main.storyboard;
			sourceTree = "<group>";
		};
		804E8B40213B205F00FB0C87 /* LaunchScreen.storyboard */ = {
			isa = PBXVariantGroup;
			children = (
				804E8B41213B205F00FB0C87 /* Base */,
			);
			name = LaunchScreen.storyboard;
			sourceTree = "<group>";
		};
/* End PBXVariantGroup section */

/* Begin XCBuildConfiguration section */
		804E8B44213B205F00FB0C87 /* Debug */ = {
			isa = XCBuildConfiguration;
			buildSettings = {
				ALWAYS_SEARCH_USER_PATHS = NO;
				CLANG_ANALYZER_NONNULL = YES;
				CLANG_ANALYZER_NUMBER_OBJECT_CONVERSION = YES_AGGRESSIVE;
				CLANG_CXX_LANGUAGE_STANDARD = "gnu++14";
				CLANG_CXX_LIBRARY = "libc++";
				CLANG_ENABLE_MODULES = YES;
				CLANG_ENABLE_OBJC_ARC = YES;
				CLANG_ENABLE_OBJC_WEAK = YES;
				CLANG_WARN_BLOCK_CAPTURE_AUTORELEASING = YES;
				CLANG_WARN_BOOL_CONVERSION = YES;
				CLANG_WARN_COMMA = YES;
				CLANG_WARN_CONSTANT_CONVERSION = YES;
				CLANG_WARN_DEPRECATED_OBJC_IMPLEMENTATIONS = YES;
				CLANG_WARN_DIRECT_OBJC_ISA_USAGE = YES_ERROR;
				CLANG_WARN_DOCUMENTATION_COMMENTS = YES;
				CLANG_WARN_EMPTY_BODY = YES;
				CLANG_WARN_ENUM_CONVERSION = YES;
				CLANG_WARN_INFINITE_RECURSION = YES;
				CLANG_WARN_INT_CONVERSION = YES;
				CLANG_WARN_NON_LITERAL_NULL_CONVERSION = YES;
				CLANG_WARN_OBJC_IMPLICIT_RETAIN_SELF = YES;
				CLANG_WARN_OBJC_LITERAL_CONVERSION = YES;
				CLANG_WARN_OBJC_ROOT_CLASS = YES_ERROR;
				CLANG_WARN_RANGE_LOOP_ANALYSIS = YES;
				CLANG_WARN_STRICT_PROTOTYPES = YES;
				CLANG_WARN_SUSPICIOUS_MOVE = YES;
				CLANG_WARN_UNGUARDED_AVAILABILITY = YES_AGGRESSIVE;
				CLANG_WARN_UNREACHABLE_CODE = YES;
				CLANG_WARN__DUPLICATE_METHOD_MATCH = YES;
				CODE_SIGN_IDENTITY = "iPhone Developer";
				COPY_PHASE_STRIP = NO;
				DEBUG_INFORMATION_FORMAT = dwarf;
				ENABLE_STRICT_OBJC_MSGSEND = YES;
				ENABLE_TESTABILITY = YES;
				GCC_C_LANGUAGE_STANDARD = gnu11;
				GCC_DYNAMIC_NO_PIC = NO;
				GCC_NO_COMMON_BLOCKS = YES;
				GCC_OPTIMIZATION_LEVEL = 0;
				GCC_PREPROCESSOR_DEFINITIONS = (
					"DEBUG=1",
					"$(inherited)",
				);
				GCC_WARN_64_TO_32_BIT_CONVERSION = YES;
				GCC_WARN_ABOUT_RETURN_TYPE = YES_ERROR;
				GCC_WARN_UNDECLARED_SELECTOR = YES;
				GCC_WARN_UNINITIALIZED_AUTOS = YES_AGGRESSIVE;
				GCC_WARN_UNUSED_FUNCTION = YES;
				GCC_WARN_UNUSED_VARIABLE = YES;
				IPHONEOS_DEPLOYMENT_TARGET = 11.0;
				MTL_ENABLE_DEBUG_INFO = YES;
				ONLY_ACTIVE_ARCH = YES;
				SDKROOT = iphoneos;
				SWIFT_ACTIVE_COMPILATION_CONDITIONS = DEBUG;
				SWIFT_OPTIMIZATION_LEVEL = "-Onone";
			};
			name = Debug;
		};
		804E8B45213B205F00FB0C87 /* Release */ = {
			isa = XCBuildConfiguration;
			buildSettings = {
				ALWAYS_SEARCH_USER_PATHS = NO;
				CLANG_ANALYZER_NONNULL = YES;
				CLANG_ANALYZER_NUMBER_OBJECT_CONVERSION = YES_AGGRESSIVE;
				CLANG_CXX_LANGUAGE_STANDARD = "gnu++14";
				CLANG_CXX_LIBRARY = "libc++";
				CLANG_ENABLE_MODULES = YES;
				CLANG_ENABLE_OBJC_ARC = YES;
				CLANG_ENABLE_OBJC_WEAK = YES;
				CLANG_WARN_BLOCK_CAPTURE_AUTORELEASING = YES;
				CLANG_WARN_BOOL_CONVERSION = YES;
				CLANG_WARN_COMMA = YES;
				CLANG_WARN_CONSTANT_CONVERSION = YES;
				CLANG_WARN_DEPRECATED_OBJC_IMPLEMENTATIONS = YES;
				CLANG_WARN_DIRECT_OBJC_ISA_USAGE = YES_ERROR;
				CLANG_WARN_DOCUMENTATION_COMMENTS = YES;
				CLANG_WARN_EMPTY_BODY = YES;
				CLANG_WARN_ENUM_CONVERSION = YES;
				CLANG_WARN_INFINITE_RECURSION = YES;
				CLANG_WARN_INT_CONVERSION = YES;
				CLANG_WARN_NON_LITERAL_NULL_CONVERSION = YES;
				CLANG_WARN_OBJC_IMPLICIT_RETAIN_SELF = YES;
				CLANG_WARN_OBJC_LITERAL_CONVERSION = YES;
				CLANG_WARN_OBJC_ROOT_CLASS = YES_ERROR;
				CLANG_WARN_RANGE_LOOP_ANALYSIS = YES;
				CLANG_WARN_STRICT_PROTOTYPES = YES;
				CLANG_WARN_SUSPICIOUS_MOVE = YES;
				CLANG_WARN_UNGUARDED_AVAILABILITY = YES_AGGRESSIVE;
				CLANG_WARN_UNREACHABLE_CODE = YES;
				CLANG_WARN__DUPLICATE_METHOD_MATCH = YES;
				CODE_SIGN_IDENTITY = "iPhone Developer";
				COPY_PHASE_STRIP = NO;
				DEBUG_INFORMATION_FORMAT = "dwarf-with-dsym";
				ENABLE_NS_ASSERTIONS = NO;
				ENABLE_STRICT_OBJC_MSGSEND = YES;
				GCC_C_LANGUAGE_STANDARD = gnu11;
				GCC_NO_COMMON_BLOCKS = YES;
				GCC_WARN_64_TO_32_BIT_CONVERSION = YES;
				GCC_WARN_ABOUT_RETURN_TYPE = YES_ERROR;
				GCC_WARN_UNDECLARED_SELECTOR = YES;
				GCC_WARN_UNINITIALIZED_AUTOS = YES_AGGRESSIVE;
				GCC_WARN_UNUSED_FUNCTION = YES;
				GCC_WARN_UNUSED_VARIABLE = YES;
				IPHONEOS_DEPLOYMENT_TARGET = 11.0;
				MTL_ENABLE_DEBUG_INFO = NO;
				SDKROOT = iphoneos;
				SWIFT_COMPILATION_MODE = wholemodule;
				SWIFT_OPTIMIZATION_LEVEL = "-O";
				VALIDATE_PRODUCT = YES;
			};
			name = Release;
		};
		804E8B47213B205F00FB0C87 /* Debug */ = {
			isa = XCBuildConfiguration;
			buildSettings = {
				ASSETCATALOG_COMPILER_APPICON_NAME = AppIcon;
				CODE_SIGN_STYLE = Automatic;
				INFOPLIST_FILE = ActiveLabelUnderLine/Info.plist;
				IPHONEOS_DEPLOYMENT_TARGET = 11.0;
				LD_RUNPATH_SEARCH_PATHS = (
					"$(inherited)",
					"@executable_path/Frameworks",
				);
				PRODUCT_BUNDLE_IDENTIFIER = com.HemanthAlluri.ActiveLabelUnderLine;
				PRODUCT_NAME = "$(TARGET_NAME)";
				SWIFT_VERSION = 4.0;
				TARGETED_DEVICE_FAMILY = 1;
			};
			name = Debug;
		};
		804E8B48213B205F00FB0C87 /* Release */ = {
			isa = XCBuildConfiguration;
			buildSettings = {
				ASSETCATALOG_COMPILER_APPICON_NAME = AppIcon;
				CODE_SIGN_STYLE = Automatic;
				INFOPLIST_FILE = ActiveLabelUnderLine/Info.plist;
				IPHONEOS_DEPLOYMENT_TARGET = 11.0;
				LD_RUNPATH_SEARCH_PATHS = (
					"$(inherited)",
					"@executable_path/Frameworks",
				);
				PRODUCT_BUNDLE_IDENTIFIER = com.HemanthAlluri.ActiveLabelUnderLine;
				PRODUCT_NAME = "$(TARGET_NAME)";
				SWIFT_VERSION = 4.0;
				TARGETED_DEVICE_FAMILY = 1;
			};
			name = Release;
		};
/* End XCBuildConfiguration section */

/* Begin XCConfigurationList section */
		804E8B2F213B205C00FB0C87 /* Build configuration list for PBXProject "ActiveLabelUnderLine" */ = {
			isa = XCConfigurationList;
			buildConfigurations = (
				804E8B44213B205F00FB0C87 /* Debug */,
				804E8B45213B205F00FB0C87 /* Release */,
			);
			defaultConfigurationIsVisible = 0;
			defaultConfigurationName = Release;
		};
		804E8B46213B205F00FB0C87 /* Build configuration list for PBXNativeTarget "ActiveLabelUnderLine" */ = {
			isa = XCConfigurationList;
			buildConfigurations = (
				804E8B47213B205F00FB0C87 /* Debug */,
				804E8B48213B205F00FB0C87 /* Release */,
			);
			defaultConfigurationIsVisible = 0;
			defaultConfigurationName = Release;
		};
/* End XCConfigurationList section */
	};
	rootObject = 804E8B2C213B205C00FB0C87 /* Project object */;
}
